// !$*UTF8*$!
{
	archiveVersion = 1;
	classes = {
	};
	objectVersion = 56;
	objects = {

/* Begin PBXBuildFile section */
		4D538D3E2C4067C1001EEEA1 /* sliderGameApp.swift in Sources */ = {isa = PBXBuildFile; fileRef = 4D538D3D2C4067C1001EEEA1 /* sliderGameApp.swift */; };
		4D538D402C4067C1001EEEA1 /* ContentView.swift in Sources */ = {isa = PBXBuildFile; fileRef = 4D538D3F2C4067C1001EEEA1 /* ContentView.swift */; };
		4D538D422C4067C3001EEEA1 /* Assets.xcassets in Resources */ = {isa = PBXBuildFile; fileRef = 4D538D412C4067C3001EEEA1 /* Assets.xcassets */; };
		4D538D452C4067C3001EEEA1 /* Preview Assets.xcassets in Resources */ = {isa = PBXBuildFile; fileRef = 4D538D442C4067C3001EEEA1 /* Preview Assets.xcassets */; };
		4D538D4F2C4067C3001EEEA1 /* sliderGameTests.swift in Sources */ = {isa = PBXBuildFile; fileRef = 4D538D4E2C4067C3001EEEA1 /* sliderGameTests.swift */; };
		4D538D592C4067C3001EEEA1 /* sliderGameUITests.swift in Sources */ = {isa = PBXBuildFile; fileRef = 4D538D582C4067C3001EEEA1 /* sliderGameUITests.swift */; };
		4D538D5B2C4067C3001EEEA1 /* sliderGameUITestsLaunchTests.swift in Sources */ = {isa = PBXBuildFile; fileRef = 4D538D5A2C4067C3001EEEA1 /* sliderGameUITestsLaunchTests.swift */; };
/* End PBXBuildFile section */

/* Begin PBXContainerItemProxy section */
		4D538D4B2C4067C3001EEEA1 /* PBXContainerItemProxy */ = {
			isa = PBXContainerItemProxy;
			containerPortal = 4D538D322C4067C1001EEEA1 /* Project object */;
			proxyType = 1;
			remoteGlobalIDString = 4D538D392C4067C1001EEEA1;
			remoteInfo = sliderGame;
		};
		4D538D552C4067C3001EEEA1 /* PBXContainerItemProxy */ = {
			isa = PBXContainerItemProxy;
			containerPortal = 4D538D322C4067C1001EEEA1 /* Project object */;
			proxyType = 1;
			remoteGlobalIDString = 4D538D392C4067C1001EEEA1;
			remoteInfo = sliderGame;
		};
/* End PBXContainerItemProxy section */

/* Begin PBXFileReference section */
		4D538D3A2C4067C1001EEEA1 /* sliderGame.app */ = {isa = PBXFileReference; explicitFileType = wrapper.application; includeInIndex = 0; path = sliderGame.app; sourceTree = BUILT_PRODUCTS_DIR; };
		4D538D3D2C4067C1001EEEA1 /* sliderGameApp.swift */ = {isa = PBXFileReference; lastKnownFileType = sourcecode.swift; path = sliderGameApp.swift; sourceTree = "<group>"; };
		4D538D3F2C4067C1001EEEA1 /* ContentView.swift */ = {isa = PBXFileReference; lastKnownFileType = sourcecode.swift; path = ContentView.swift; sourceTree = "<group>"; };
		4D538D412C4067C3001EEEA1 /* Assets.xcassets */ = {isa = PBXFileReference; lastKnownFileType = folder.assetcatalog; path = Assets.xcassets; sourceTree = "<group>"; };
		4D538D442C4067C3001EEEA1 /* Preview Assets.xcassets */ = {isa = PBXFileReference; lastKnownFileType = folder.assetcatalog; path = "Preview Assets.xcassets"; sourceTree = "<group>"; };
		4D538D4A2C4067C3001EEEA1 /* sliderGameTests.xctest */ = {isa = PBXFileReference; explicitFileType = wrapper.cfbundle; includeInIndex = 0; path = sliderGameTests.xctest; sourceTree = BUILT_PRODUCTS_DIR; };
		4D538D4E2C4067C3001EEEA1 /* sliderGameTests.swift */ = {isa = PBXFileReference; lastKnownFileType = sourcecode.swift; path = sliderGameTests.swift; sourceTree = "<group>"; };
		4D538D542C4067C3001EEEA1 /* sliderGameUITests.xctest */ = {isa = PBXFileReference; explicitFileType = wrapper.cfbundle; includeInIndex = 0; path = sliderGameUITests.xctest; sourceTree = BUILT_PRODUCTS_DIR; };
		4D538D582C4067C3001EEEA1 /* sliderGameUITests.swift */ = {isa = PBXFileReference; lastKnownFileType = sourcecode.swift; path = sliderGameUITests.swift; sourceTree = "<group>"; };
		4D538D5A2C4067C3001EEEA1 /* sliderGameUITestsLaunchTests.swift */ = {isa = PBXFileReference; lastKnownFileType = sourcecode.swift; path = sliderGameUITestsLaunchTests.swift; sourceTree = "<group>"; };
/* End PBXFileReference section */

/* Begin PBXFrameworksBuildPhase section */
		4D538D372C4067C1001EEEA1 /* Frameworks */ = {
			isa = PBXFrameworksBuildPhase;
			buildActionMask = 2147483647;
			files = (
			);
			runOnlyForDeploymentPostprocessing = 0;
		};
		4D538D472C4067C3001EEEA1 /* Frameworks */ = {
			isa = PBXFrameworksBuildPhase;
			buildActionMask = 2147483647;
			files = (
			);
			runOnlyForDeploymentPostprocessing = 0;
		};
		4D538D512C4067C3001EEEA1 /* Frameworks */ = {
			isa = PBXFrameworksBuildPhase;
			buildActionMask = 2147483647;
			files = (
			);
			runOnlyForDeploymentPostprocessing = 0;
		};
/* End PBXFrameworksBuildPhase section */

/* Begin PBXGroup section */
		4D538D312C4067C1001EEEA1 = {
			isa = PBXGroup;
			children = (
				4D538D3C2C4067C1001EEEA1 /* sliderGame */,
				4D538D4D2C4067C3001EEEA1 /* sliderGameTests */,
				4D538D572C4067C3001EEEA1 /* sliderGameUITests */,
				4D538D3B2C4067C1001EEEA1 /* Products */,
			);
			sourceTree = "<group>";
		};
		4D538D3B2C4067C1001EEEA1 /* Products */ = {
			isa = PBXGroup;
			children = (
				4D538D3A2C4067C1001EEEA1 /* sliderGame.app */,
				4D538D4A2C4067C3001EEEA1 /* sliderGameTests.xctest */,
				4D538D542C4067C3001EEEA1 /* sliderGameUITests.xctest */,
			);
			name = Products;
			sourceTree = "<group>";
		};
		4D538D3C2C4067C1001EEEA1 /* sliderGame */ = {
			isa = PBXGroup;
			children = (
				4D538D3D2C4067C1001EEEA1 /* sliderGameApp.swift */,
				4D538D3F2C4067C1001EEEA1 /* ContentView.swift */,
				4D538D412C4067C3001EEEA1 /* Assets.xcassets */,
				4D538D432C4067C3001EEEA1 /* Preview Content */,
			);
			path = sliderGame;
			sourceTree = "<group>";
		};
		4D538D432C4067C3001EEEA1 /* Preview Content */ = {
			isa = PBXGroup;
			children = (
				4D538D442C4067C3001EEEA1 /* Preview Assets.xcassets */,
			);
			path = "Preview Content";
			sourceTree = "<group>";
		};
		4D538D4D2C4067C3001EEEA1 /* sliderGameTests */ = {
			isa = PBXGroup;
			children = (
				4D538D4E2C4067C3001EEEA1 /* sliderGameTests.swift */,
			);
			path = sliderGameTests;
			sourceTree = "<group>";
		};
		4D538D572C4067C3001EEEA1 /* sliderGameUITests */ = {
			isa = PBXGroup;
			children = (
				4D538D582C4067C3001EEEA1 /* sliderGameUITests.swift */,
				4D538D5A2C4067C3001EEEA1 /* sliderGameUITestsLaunchTests.swift */,
			);
			path = sliderGameUITests;
			sourceTree = "<group>";
		};
/* End PBXGroup section */

/* Begin PBXNativeTarget section */
		4D538D392C4067C1001EEEA1 /* sliderGame */ = {
			isa = PBXNativeTarget;
			buildConfigurationList = 4D538D5E2C4067C3001EEEA1 /* Build configuration list for PBXNativeTarget "sliderGame" */;
			buildPhases = (
				4D538D362C4067C1001EEEA1 /* Sources */,
				4D538D372C4067C1001EEEA1 /* Frameworks */,
				4D538D382C4067C1001EEEA1 /* Resources */,
			);
			buildRules = (
			);
			dependencies = (
			);
			name = sliderGame;
			productName = sliderGame;
			productReference = 4D538D3A2C4067C1001EEEA1 /* sliderGame.app */;
			productType = "com.apple.product-type.application";
		};
		4D538D492C4067C3001EEEA1 /* sliderGameTests */ = {
			isa = PBXNativeTarget;
			buildConfigurationList = 4D538D612C4067C3001EEEA1 /* Build configuration list for PBXNativeTarget "sliderGameTests" */;
			buildPhases = (
				4D538D462C4067C3001EEEA1 /* Sources */,
				4D538D472C4067C3001EEEA1 /* Frameworks */,
				4D538D482C4067C3001EEEA1 /* Resources */,
			);
			buildRules = (
			);
			dependencies = (
				4D538D4C2C4067C3001EEEA1 /* PBXTargetDependency */,
			);
			name = sliderGameTests;
			productName = sliderGameTests;
			productReference = 4D538D4A2C4067C3001EEEA1 /* sliderGameTests.xctest */;
			productType = "com.apple.product-type.bundle.unit-test";
		};
		4D538D532C4067C3001EEEA1 /* sliderGameUITests */ = {
			isa = PBXNativeTarget;
			buildConfigurationList = 4D538D642C4067C3001EEEA1 /* Build configuration list for PBXNativeTarget "sliderGameUITests" */;
			buildPhases = (
				4D538D502C4067C3001EEEA1 /* Sources */,
				4D538D512C4067C3001EEEA1 /* Frameworks */,
				4D538D522C4067C3001EEEA1 /* Resources */,
			);
			buildRules = (
			);
			dependencies = (
				4D538D562C4067C3001EEEA1 /* PBXTargetDependency */,
			);
			name = sliderGameUITests;
			productName = sliderGameUITests;
			productReference = 4D538D542C4067C3001EEEA1 /* sliderGameUITests.xctest */;
			productType = "com.apple.product-type.bundle.ui-testing";
		};
/* End PBXNativeTarget section */

/* Begin PBXProject section */
		4D538D322C4067C1001EEEA1 /* Project object */ = {
			isa = PBXProject;
			attributes = {
				BuildIndependentTargetsInParallel = 1;
				LastSwiftUpdateCheck = 1540;
				LastUpgradeCheck = 1540;
				TargetAttributes = {
					4D538D392C4067C1001EEEA1 = {
						CreatedOnToolsVersion = 15.4;
					};
					4D538D492C4067C3001EEEA1 = {
						CreatedOnToolsVersion = 15.4;
						TestTargetID = 4D538D392C4067C1001EEEA1;
					};
					4D538D532C4067C3001EEEA1 = {
						CreatedOnToolsVersion = 15.4;
						TestTargetID = 4D538D392C4067C1001EEEA1;
					};
				};
			};
			buildConfigurationList = 4D538D352C4067C1001EEEA1 /* Build configuration list for PBXProject "sliderGame" */;
			compatibilityVersion = "Xcode 14.0";
			developmentRegion = en;
			hasScannedForEncodings = 0;
			knownRegions = (
				en,
				Base,
			);
			mainGroup = 4D538D312C4067C1001EEEA1;
			productRefGroup = 4D538D3B2C4067C1001EEEA1 /* Products */;
			projectDirPath = "";
			projectRoot = "";
			targets = (
				4D538D392C4067C1001EEEA1 /* sliderGame */,
				4D538D492C4067C3001EEEA1 /* sliderGameTests */,
				4D538D532C4067C3001EEEA1 /* sliderGameUITests */,
			);
		};
/* End PBXProject section */

/* Begin PBXResourcesBuildPhase section */
		4D538D382C4067C1001EEEA1 /* Resources */ = {
			isa = PBXResourcesBuildPhase;
			buildActionMask = 2147483647;
			files = (
				4D538D452C4067C3001EEEA1 /* Preview Assets.xcassets in Resources */,
				4D538D422C4067C3001EEEA1 /* Assets.xcassets in Resources */,
			);
			runOnlyForDeploymentPostprocessing = 0;
		};
		4D538D482C4067C3001EEEA1 /* Resources */ = {
			isa = PBXResourcesBuildPhase;
			buildActionMask = 2147483647;
			files = (
			);
			runOnlyForDeploymentPostprocessing = 0;
		};
		4D538D522C4067C3001EEEA1 /* Resources */ = {
			isa = PBXResourcesBuildPhase;
			buildActionMask = 2147483647;
			files = (
			);
			runOnlyForDeploymentPostprocessing = 0;
		};
/* End PBXResourcesBuildPhase section */

/* Begin PBXSourcesBuildPhase section */
		4D538D362C4067C1001EEEA1 /* Sources */ = {
			isa = PBXSourcesBuildPhase;
			buildActionMask = 2147483647;
			files = (
				4D538D402C4067C1001EEEA1 /* ContentView.swift in Sources */,
				4D538D3E2C4067C1001EEEA1 /* sliderGameApp.swift in Sources */,
			);
			runOnlyForDeploymentPostprocessing = 0;
		};
		4D538D462C4067C3001EEEA1 /* Sources */ = {
			isa = PBXSourcesBuildPhase;
			buildActionMask = 2147483647;
			files = (
				4D538D4F2C4067C3001EEEA1 /* sliderGameTests.swift in Sources */,
			);
			runOnlyForDeploymentPostprocessing = 0;
		};
		4D538D502C4067C3001EEEA1 /* Sources */ = {
			isa = PBXSourcesBuildPhase;
			buildActionMask = 2147483647;
			files = (
				4D538D592C4067C3001EEEA1 /* sliderGameUITests.swift in Sources */,
				4D538D5B2C4067C3001EEEA1 /* sliderGameUITestsLaunchTests.swift in Sources */,
			);
			runOnlyForDeploymentPostprocessing = 0;
		};
/* End PBXSourcesBuildPhase section */

/* Begin PBXTargetDependency section */
		4D538D4C2C4067C3001EEEA1 /* PBXTargetDependency */ = {
			isa = PBXTargetDependency;
			target = 4D538D392C4067C1001EEEA1 /* sliderGame */;
			targetProxy = 4D538D4B2C4067C3001EEEA1 /* PBXContainerItemProxy */;
		};
		4D538D562C4067C3001EEEA1 /* PBXTargetDependency */ = {
			isa = PBXTargetDependency;
			target = 4D538D392C4067C1001EEEA1 /* sliderGame */;
			targetProxy = 4D538D552C4067C3001EEEA1 /* PBXContainerItemProxy */;
		};
/* End PBXTargetDependency section */

/* Begin XCBuildConfiguration section */
		4D538D5C2C4067C3001EEEA1 /* Debug */ = {
			isa = XCBuildConfiguration;
			buildSettings = {
				ALWAYS_SEARCH_USER_PATHS = NO;
				ASSETCATALOG_COMPILER_GENERATE_SWIFT_ASSET_SYMBOL_EXTENSIONS = YES;
				CLANG_ANALYZER_NONNULL = YES;
				CLANG_ANALYZER_NUMBER_OBJECT_CONVERSION = YES_AGGRESSIVE;
				CLANG_CXX_LANGUAGE_STANDARD = "gnu++20";
				CLANG_ENABLE_MODULES = YES;
				CLANG_ENABLE_OBJC_ARC = YES;
				CLANG_ENABLE_OBJC_WEAK = YES;
				CLANG_WARN_BLOCK_CAPTURE_AUTORELEASING = YES;
				CLANG_WARN_BOOL_CONVERSION = YES;
				CLANG_WARN_COMMA = YES;
				CLANG_WARN_CONSTANT_CONVERSION = YES;
				CLANG_WARN_DEPRECATED_OBJC_IMPLEMENTATIONS = YES;
				CLANG_WARN_DIRECT_OBJC_ISA_USAGE = YES_ERROR;
				CLANG_WARN_DOCUMENTATION_COMMENTS = YES;
				CLANG_WARN_EMPTY_BODY = YES;
				CLANG_WARN_ENUM_CONVERSION = YES;
				CLANG_WARN_INFINITE_RECURSION = YES;
				CLANG_WARN_INT_CONVERSION = YES;
				CLANG_WARN_NON_LITERAL_NULL_CONVERSION = YES;
				CLANG_WARN_OBJC_IMPLICIT_RETAIN_SELF = YES;
				CLANG_WARN_OBJC_LITERAL_CONVERSION = YES;
				CLANG_WARN_OBJC_ROOT_CLASS = YES_ERROR;
				CLANG_WARN_QUOTED_INCLUDE_IN_FRAMEWORK_HEADER = YES;
				CLANG_WARN_RANGE_LOOP_ANALYSIS = YES;
				CLANG_WARN_STRICT_PROTOTYPES = YES;
				CLANG_WARN_SUSPICIOUS_MOVE = YES;
				CLANG_WARN_UNGUARDED_AVAILABILITY = YES_AGGRESSIVE;
				CLANG_WARN_UNREACHABLE_CODE = YES;
				CLANG_WARN__DUPLICATE_METHOD_MATCH = YES;
				COPY_PHASE_STRIP = NO;
				DEBUG_INFORMATION_FORMAT = dwarf;
				ENABLE_STRICT_OBJC_MSGSEND = YES;
				ENABLE_TESTABILITY = YES;
				ENABLE_USER_SCRIPT_SANDBOXING = YES;
				GCC_C_LANGUAGE_STANDARD = gnu17;
				GCC_DYNAMIC_NO_PIC = NO;
				GCC_NO_COMMON_BLOCKS = YES;
				GCC_OPTIMIZATION_LEVEL = 0;
				GCC_PREPROCESSOR_DEFINITIONS = (
					"DEBUG=1",
					"$(inherited)",
				);
				GCC_WARN_64_TO_32_BIT_CONVERSION = YES;
				GCC_WARN_ABOUT_RETURN_TYPE = YES_ERROR;
				GCC_WARN_UNDECLARED_SELECTOR = YES;
				GCC_WARN_UNINITIALIZED_AUTOS = YES_AGGRESSIVE;
				GCC_WARN_UNUSED_FUNCTION = YES;
				GCC_WARN_UNUSED_VARIABLE = YES;
				IPHONEOS_DEPLOYMENT_TARGET = 17.5;
				LOCALIZATION_PREFERS_STRING_CATALOGS = YES;
				MTL_ENABLE_DEBUG_INFO = INCLUDE_SOURCE;
				MTL_FAST_MATH = YES;
				ONLY_ACTIVE_ARCH = YES;
				SDKROOT = iphoneos;
				SWIFT_ACTIVE_COMPILATION_CONDITIONS = "DEBUG $(inherited)";
				SWIFT_OPTIMIZATION_LEVEL = "-Onone";
			};
			name = Debug;
		};
		4D538D5D2C4067C3001EEEA1 /* Release */ = {
			isa = XCBuildConfiguration;
			buildSettings = {
				ALWAYS_SEARCH_USER_PATHS = NO;
				ASSETCATALOG_COMPILER_GENERATE_SWIFT_ASSET_SYMBOL_EXTENSIONS = YES;
				CLANG_ANALYZER_NONNULL = YES;
				CLANG_ANALYZER_NUMBER_OBJECT_CONVERSION = YES_AGGRESSIVE;
				CLANG_CXX_LANGUAGE_STANDARD = "gnu++20";
				CLANG_ENABLE_MODULES = YES;
				CLANG_ENABLE_OBJC_ARC = YES;
				CLANG_ENABLE_OBJC_WEAK = YES;
				CLANG_WARN_BLOCK_CAPTURE_AUTORELEASING = YES;
				CLANG_WARN_BOOL_CONVERSION = YES;
				CLANG_WARN_COMMA = YES;
				CLANG_WARN_CONSTANT_CONVERSION = YES;
				CLANG_WARN_DEPRECATED_OBJC_IMPLEMENTATIONS = YES;
				CLANG_WARN_DIRECT_OBJC_ISA_USAGE = YES_ERROR;
				CLANG_WARN_DOCUMENTATION_COMMENTS = YES;
				CLANG_WARN_EMPTY_BODY = YES;
				CLANG_WARN_ENUM_CONVERSION = YES;
				CLANG_WARN_INFINITE_RECURSION = YES;
				CLANG_WARN_INT_CONVERSION = YES;
				CLANG_WARN_NON_LITERAL_NULL_CONVERSION = YES;
				CLANG_WARN_OBJC_IMPLICIT_RETAIN_SELF = YES;
				CLANG_WARN_OBJC_LITERAL_CONVERSION = YES;
				CLANG_WARN_OBJC_ROOT_CLASS = YES_ERROR;
				CLANG_WARN_QUOTED_INCLUDE_IN_FRAMEWORK_HEADER = YES;
				CLANG_WARN_RANGE_LOOP_ANALYSIS = YES;
				CLANG_WARN_STRICT_PROTOTYPES = YES;
				CLANG_WARN_SUSPICIOUS_MOVE = YES;
				CLANG_WARN_UNGUARDED_AVAILABILITY = YES_AGGRESSIVE;
				CLANG_WARN_UNREACHABLE_CODE = YES;
				CLANG_WARN__DUPLICATE_METHOD_MATCH = YES;
				COPY_PHASE_STRIP = NO;
				DEBUG_INFORMATION_FORMAT = "dwarf-with-dsym";
				ENABLE_NS_ASSERTIONS = NO;
				ENABLE_STRICT_OBJC_MSGSEND = YES;
				ENABLE_USER_SCRIPT_SANDBOXING = YES;
				GCC_C_LANGUAGE_STANDARD = gnu17;
				GCC_NO_COMMON_BLOCKS = YES;
				GCC_WARN_64_TO_32_BIT_CONVERSION = YES;
				GCC_WARN_ABOUT_RETURN_TYPE = YES_ERROR;
				GCC_WARN_UNDECLARED_SELECTOR = YES;
				GCC_WARN_UNINITIALIZED_AUTOS = YES_AGGRESSIVE;
				GCC_WARN_UNUSED_FUNCTION = YES;
				GCC_WARN_UNUSED_VARIABLE = YES;
				IPHONEOS_DEPLOYMENT_TARGET = 17.5;
				LOCALIZATION_PREFERS_STRING_CATALOGS = YES;
				MTL_ENABLE_DEBUG_INFO = NO;
				MTL_FAST_MATH = YES;
				SDKROOT = iphoneos;
				SWIFT_COMPILATION_MODE = wholemodule;
				VALIDATE_PRODUCT = YES;
			};
			name = Release;
		};
		4D538D5F2C4067C3001EEEA1 /* Debug */ = {
			isa = XCBuildConfiguration;
			buildSettings = {
				ASSETCATALOG_COMPILER_APPICON_NAME = AppIcon;
				ASSETCATALOG_COMPILER_GLOBAL_ACCENT_COLOR_NAME = AccentColor;
				CODE_SIGN_STYLE = Automatic;
				CURRENT_PROJECT_VERSION = 1;
				DEVELOPMENT_ASSET_PATHS = "\"sliderGame/Preview Content\"";
				DEVELOPMENT_TEAM = 853K3F2A4U;
				ENABLE_PREVIEWS = YES;
				GENERATE_INFOPLIST_FILE = YES;
				INFOPLIST_KEY_UIApplicationSceneManifest_Generation = YES;
				INFOPLIST_KEY_UIApplicationSupportsIndirectInputEvents = YES;
				INFOPLIST_KEY_UILaunchScreen_Generation = YES;
				INFOPLIST_KEY_UISupportedInterfaceOrientations_iPad = "UIInterfaceOrientationPortrait UIInterfaceOrientationPortraitUpsideDown UIInterfaceOrientationLandscapeLeft UIInterfaceOrientationLandscapeRight";
				INFOPLIST_KEY_UISupportedInterfaceOrientations_iPhone = "UIInterfaceOrientationPortrait UIInterfaceOrientationLandscapeLeft UIInterfaceOrientationLandscapeRight";
				LD_RUNPATH_SEARCH_PATHS = (
					"$(inherited)",
					"@executable_path/Frameworks",
				);
				MARKETING_VERSION = 1.0;
				PRODUCT_BUNDLE_IDENTIFIER = dev.shaheem.sliderGame;
				PRODUCT_NAME = "$(TARGET_NAME)";
				SWIFT_EMIT_LOC_STRINGS = YES;
				SWIFT_VERSION = 5.0;
				TARGETED_DEVICE_FAMILY = "1,2";
			};
			name = Debug;
		};
		4D538D602C4067C3001EEEA1 /* Release */ = {
			isa = XCBuildConfiguration;
			buildSettings = {
				ASSETCATALOG_COMPILER_APPICON_NAME = AppIcon;
				ASSETCATALOG_COMPILER_GLOBAL_ACCENT_COLOR_NAME = AccentColor;
				CODE_SIGN_STYLE = Automatic;
				CURRENT_PROJECT_VERSION = 1;
				DEVELOPMENT_ASSET_PATHS = "\"sliderGame/Preview Content\"";
				DEVELOPMENT_TEAM = 853K3F2A4U;
				ENABLE_PREVIEWS = YES;
				GENERATE_INFOPLIST_FILE = YES;
				INFOPLIST_KEY_UIApplicationSceneManifest_Generation = YES;
				INFOPLIST_KEY_UIApplicationSupportsIndirectInputEvents = YES;
				INFOPLIST_KEY_UILaunchScreen_Generation = YES;
				INFOPLIST_KEY_UISupportedInterfaceOrientations_iPad = "UIInterfaceOrientationPortrait UIInterfaceOrientationPortraitUpsideDown UIInterfaceOrientationLandscapeLeft UIInterfaceOrientationLandscapeRight";
				INFOPLIST_KEY_UISupportedInterfaceOrientations_iPhone = "UIInterfaceOrientationPortrait UIInterfaceOrientationLandscapeLeft UIInterfaceOrientationLandscapeRight";
				LD_RUNPATH_SEARCH_PATHS = (
					"$(inherited)",
					"@executable_path/Frameworks",
				);
				MARKETING_VERSION = 1.0;
				PRODUCT_BUNDLE_IDENTIFIER = dev.shaheem.sliderGame;
				PRODUCT_NAME = "$(TARGET_NAME)";
				SWIFT_EMIT_LOC_STRINGS = YES;
				SWIFT_VERSION = 5.0;
				TARGETED_DEVICE_FAMILY = "1,2";
			};
			name = Release;
		};
		4D538D622C4067C3001EEEA1 /* Debug */ = {
			isa = XCBuildConfiguration;
			buildSettings = {
				ALWAYS_EMBED_SWIFT_STANDARD_LIBRARIES = YES;
				BUNDLE_LOADER = "$(TEST_HOST)";
				CODE_SIGN_STYLE = Automatic;
				CURRENT_PROJECT_VERSION = 1;
				DEVELOPMENT_TEAM = 853K3F2A4U;
				GENERATE_INFOPLIST_FILE = YES;
				IPHONEOS_DEPLOYMENT_TARGET = 17.5;
				MARKETING_VERSION = 1.0;
				PRODUCT_BUNDLE_IDENTIFIER = dev.shaheem.sliderGameTests;
				PRODUCT_NAME = "$(TARGET_NAME)";
				SWIFT_EMIT_LOC_STRINGS = NO;
				SWIFT_VERSION = 5.0;
				TARGETED_DEVICE_FAMILY = "1,2";
				TEST_HOST = "$(BUILT_PRODUCTS_DIR)/sliderGame.app/$(BUNDLE_EXECUTABLE_FOLDER_PATH)/sliderGame";
			};
			name = Debug;
		};
		4D538D632C4067C3001EEEA1 /* Release */ = {
			isa = XCBuildConfiguration;
			buildSettings = {
				ALWAYS_EMBED_SWIFT_STANDARD_LIBRARIES = YES;
				BUNDLE_LOADER = "$(TEST_HOST)";
				CODE_SIGN_STYLE = Automatic;
				CURRENT_PROJECT_VERSION = 1;
				DEVELOPMENT_TEAM = 853K3F2A4U;
				GENERATE_INFOPLIST_FILE = YES;
				IPHONEOS_DEPLOYMENT_TARGET = 17.5;
				MARKETING_VERSION = 1.0;
				PRODUCT_BUNDLE_IDENTIFIER = dev.shaheem.sliderGameTests;
				PRODUCT_NAME = "$(TARGET_NAME)";
				SWIFT_EMIT_LOC_STRINGS = NO;
				SWIFT_VERSION = 5.0;
				TARGETED_DEVICE_FAMILY = "1,2";
				TEST_HOST = "$(BUILT_PRODUCTS_DIR)/sliderGame.app/$(BUNDLE_EXECUTABLE_FOLDER_PATH)/sliderGame";
			};
			name = Release;
		};
		4D538D652C4067C3001EEEA1 /* Debug */ = {
			isa = XCBuildConfiguration;
			buildSettings = {
				ALWAYS_EMBED_SWIFT_STANDARD_LIBRARIES = YES;
				CODE_SIGN_STYLE = Automatic;
				CURRENT_PROJECT_VERSION = 1;
				DEVELOPMENT_TEAM = 853K3F2A4U;
				GENERATE_INFOPLIST_FILE = YES;
				MARKETING_VERSION = 1.0;
				PRODUCT_BUNDLE_IDENTIFIER = dev.shaheem.sliderGameUITests;
				PRODUCT_NAME = "$(TARGET_NAME)";
				SWIFT_EMIT_LOC_STRINGS = NO;
				SWIFT_VERSION = 5.0;
				TARGETED_DEVICE_FAMILY = "1,2";
				TEST_TARGET_NAME = sliderGame;
			};
			name = Debug;
		};
		4D538D662C4067C3001EEEA1 /* Release */ = {
			isa = XCBuildConfiguration;
			buildSettings = {
				ALWAYS_EMBED_SWIFT_STANDARD_LIBRARIES = YES;
				CODE_SIGN_STYLE = Automatic;
				CURRENT_PROJECT_VERSION = 1;
				DEVELOPMENT_TEAM = 853K3F2A4U;
				GENERATE_INFOPLIST_FILE = YES;
				MARKETING_VERSION = 1.0;
				PRODUCT_BUNDLE_IDENTIFIER = dev.shaheem.sliderGameUITests;
				PRODUCT_NAME = "$(TARGET_NAME)";
				SWIFT_EMIT_LOC_STRINGS = NO;
				SWIFT_VERSION = 5.0;
				TARGETED_DEVICE_FAMILY = "1,2";
				TEST_TARGET_NAME = sliderGame;
			};
			name = Release;
		};
/* End XCBuildConfiguration section */

/* Begin XCConfigurationList section */
		4D538D352C4067C1001EEEA1 /* Build configuration list for PBXProject "sliderGame" */ = {
			isa = XCConfigurationList;
			buildConfigurations = (
				4D538D5C2C4067C3001EEEA1 /* Debug */,
				4D538D5D2C4067C3001EEEA1 /* Release */,
			);
			defaultConfigurationIsVisible = 0;
			defaultConfigurationName = Release;
		};
		4D538D5E2C4067C3001EEEA1 /* Build configuration list for PBXNativeTarget "sliderGame" */ = {
			isa = XCConfigurationList;
			buildConfigurations = (
				4D538D5F2C4067C3001EEEA1 /* Debug */,
				4D538D602C4067C3001EEEA1 /* Release */,
			);
			defaultConfigurationIsVisible = 0;
			defaultConfigurationName = Release;
		};
		4D538D612C4067C3001EEEA1 /* Build configuration list for PBXNativeTarget "sliderGameTests" */ = {
			isa = XCConfigurationList;
			buildConfigurations = (
				4D538D622C4067C3001EEEA1 /* Debug */,
				4D538D632C4067C3001EEEA1 /* Release */,
			);
			defaultConfigurationIsVisible = 0;
			defaultConfigurationName = Release;
		};
		4D538D642C4067C3001EEEA1 /* Build configuration list for PBXNativeTarget "sliderGameUITests" */ = {
			isa = XCConfigurationList;
			buildConfigurations = (
				4D538D652C4067C3001EEEA1 /* Debug */,
				4D538D662C4067C3001EEEA1 /* Release */,
			);
			defaultConfigurationIsVisible = 0;
			defaultConfigurationName = Release;
		};
/* End XCConfigurationList section */
	};
	rootObject = 4D538D322C4067C1001EEEA1 /* Project object */;
}
